
Microsoft Visual Studio Solution File, Format Version 12.00
# Visual Studio Version 16
VisualStudioVersion = 16.0.31424.327
MinimumVisualStudioVersion = 10.0.40219.1
Project("{2150E333-8FDC-42A3-9474-1A3956D46DE8}") = "API", "API", "{BCF85A40-374A-47AD-89A4-2E463020AD2F}"
EndProject
Project("{2150E333-8FDC-42A3-9474-1A3956D46DE8}") = "Web", "Web", "{A70FC536-8E3D-433F-800D-EEB33F384317}"
EndProject
Project("{2150E333-8FDC-42A3-9474-1A3956D46DE8}") = "Common", "Common", "{82D77260-08A7-4105-9C3E-8EDA7F29B395}"
EndProject
Project("{9A19103F-16F7-4668-BE54-9A1E7A4F7556}") = "Api", "Api\Api.csproj", "{12538DA0-B7B7-487C-9B60-4FC3E32512B1}"
EndProject
Project("{9A19103F-16F7-4668-BE54-9A1E7A4F7556}") = "Server", "Server\Server.csproj", "{B3B00CEE-1873-40AE-809A-F88C3232637B}"
EndProject
Project("{9A19103F-16F7-4668-BE54-9A1E7A4F7556}") = "Wasm", "Wasm\Wasm.csproj", "{8EC79004-8253-4989-AB43-9B6415E8DD8D}"
EndProject
Project("{9A19103F-16F7-4668-BE54-9A1E7A4F7556}") = "Localization.SqlLocalizer", "Localization.SqlLocalizer\Localization.SqlLocalizer.csproj", "{76BAECC1-C0DB-4B4C-9DB0-1C889A737BC1}"
EndProject
Project("{9A19103F-16F7-4668-BE54-9A1E7A4F7556}") = "Mvc", "Mvc\Mvc.csproj", "{C35BD0AB-5E6D-4D04-AA47-B2B17258E56C}"
EndProject
Project("{9A19103F-16F7-4668-BE54-9A1E7A4F7556}") = "Resources", "Resources\Resources.csproj", "{9EC96677-2223-48DF-9B5F-A566F9566224}"
	ProjectSection(ProjectDependencies) = postProject
		{76BAECC1-C0DB-4B4C-9DB0-1C889A737BC1} = {76BAECC1-C0DB-4B4C-9DB0-1C889A737BC1}
	EndProjectSection
EndProject
Global
	GlobalSection(SolutionConfigurationPlatforms) = preSolution
		Debug|Any CPU = Debug|Any CPU
		Release|Any CPU = Release|Any CPU
	EndGlobalSection
	GlobalSection(ProjectConfigurationPlatforms) = postSolution
		{12538DA0-B7B7-487C-9B60-4FC3E32512B1}.Debug|Any CPU.ActiveCfg = Debug|Any CPU
		{12538DA0-B7B7-487C-9B60-4FC3E32512B1}.Debug|Any CPU.Build.0 = Debug|Any CPU
		{12538DA0-B7B7-487C-9B60-4FC3E32512B1}.Release|Any CPU.ActiveCfg = Release|Any CPU
		{12538DA0-B7B7-487C-9B60-4FC3E32512B1}.Release|Any CPU.Build.0 = Release|Any CPU
		{B3B00CEE-1873-40AE-809A-F88C3232637B}.Debug|Any CPU.ActiveCfg = Debug|Any CPU
		{B3B00CEE-1873-40AE-809A-F88C3232637B}.Debug|Any CPU.Build.0 = Debug|Any CPU
		{B3B00CEE-1873-40AE-809A-F88C3232637B}.Release|Any CPU.ActiveCfg = Release|Any CPU
		{B3B00CEE-1873-40AE-809A-F88C3232637B}.Release|Any CPU.Build.0 = Release|Any CPU
		{8EC79004-8253-4989-AB43-9B6415E8DD8D}.Debug|Any CPU.ActiveCfg = Debug|Any CPU
		{8EC79004-8253-4989-AB43-9B6415E8DD8D}.Debug|Any CPU.Build.0 = Debug|Any CPU
		{8EC79004-8253-4989-AB43-9B6415E8DD8D}.Release|Any CPU.ActiveCfg = Release|Any CPU
		{8EC79004-8253-4989-AB43-9B6415E8DD8D}.Release|Any CPU.Build.0 = Release|Any CPU
		{76BAECC1-C0DB-4B4C-9DB0-1C889A737BC1}.Debug|Any CPU.ActiveCfg = Debug|Any CPU
		{76BAECC1-C0DB-4B4C-9DB0-1C889A737BC1}.Debug|Any CPU.Build.0 = Debug|Any CPU
		{76BAECC1-C0DB-4B4C-9DB0-1C889A737BC1}.Release|Any CPU.ActiveCfg = Release|Any CPU
		{76BAECC1-C0DB-4B4C-9DB0-1C889A737BC1}.Release|Any CPU.Build.0 = Release|Any CPU
		{C35BD0AB-5E6D-4D04-AA47-B2B17258E56C}.Debug|Any CPU.ActiveCfg = Debug|Any CPU
		{C35BD0AB-5E6D-4D04-AA47-B2B17258E56C}.Debug|Any CPU.Build.0 = Debug|Any CPU
		{C35BD0AB-5E6D-4D04-AA47-B2B17258E56C}.Release|Any CPU.ActiveCfg = Release|Any CPU
		{C35BD0AB-5E6D-4D04-AA47-B2B17258E56C}.Release|Any CPU.Build.0 = Release|Any CPU
		{9EC96677-2223-48DF-9B5F-A566F9566224}.Debug|Any CPU.ActiveCfg = Debug|Any CPU
		{9EC96677-2223-48DF-9B5F-A566F9566224}.Debug|Any CPU.Build.0 = Debug|Any CPU
		{9EC96677-2223-48DF-9B5F-A566F9566224}.Release|Any CPU.ActiveCfg = Release|Any CPU
		{9EC96677-2223-48DF-9B5F-A566F9566224}.Release|Any CPU.Build.0 = Release|Any CPU
	EndGlobalSection
	GlobalSection(SolutionProperties) = preSolution
		HideSolutionNode = FALSE
	EndGlobalSection
	GlobalSection(NestedProjects) = preSolution
		{12538DA0-B7B7-487C-9B60-4FC3E32512B1} = {BCF85A40-374A-47AD-89A4-2E463020AD2F}
		{B3B00CEE-1873-40AE-809A-F88C3232637B} = {A70FC536-8E3D-433F-800D-EEB33F384317}
		{8EC79004-8253-4989-AB43-9B6415E8DD8D} = {A70FC536-8E3D-433F-800D-EEB33F384317}
		{76BAECC1-C0DB-4B4C-9DB0-1C889A737BC1} = {82D77260-08A7-4105-9C3E-8EDA7F29B395}
		{C35BD0AB-5E6D-4D04-AA47-B2B17258E56C} = {A70FC536-8E3D-433F-800D-EEB33F384317}
		{9EC96677-2223-48DF-9B5F-A566F9566224} = {82D77260-08A7-4105-9C3E-8EDA7F29B395}
	EndGlobalSection
	GlobalSection(ExtensibilityGlobals) = postSolution
		SolutionGuid = {DEB3C746-CA21-4A4D-B38E-577039CAFFB0}
	EndGlobalSection
EndGlobal
